{
  "originHash" : "f006de1a6b30f54bb8937c626be560dc0b66f6cb9c722f35d0ebe5efa1ba20e9",
  "pins" : [
    {
      "identity" : "alerttoast",
      "kind" : "remoteSourceControl",
      "location" : "https://github.com/elai950/AlertToast.git",
      "state" : {
        "revision" : "b39252eacd159904afd7d718bba0afabb87f2f2f",
        "version" : "1.3.9"
      }
    },
    {
      "identity" : "easyskeleton",
      "kind" : "remoteSourceControl",
      "location" : "https://github.com/SpectralDragon/EasySkeleton",
      "state" : {
        "revision" : "54f616e5f58cbb2aabb5b671921e470689c91ca5",
        "version" : "1.2.1"
      }
    }
  ],
  "version" : 3
}
